// !$*UTF8*$!
{
	archiveVersion = 1;
	classes = {
	};
	objectVersion = 77;
	objects = {

/* Begin PBXBuildFile section */
		26B8DCEE3034646D00F31D7A /* SafaQrcode Extension.appex in Embed Foundation Extensions */ = {isa = PBXBuildFile; fileRef = 26B8DCED3034646D00F31D7A /* SafaQrcode Extension.appex */; settings = {ATTRIBUTES = (RemoveHeadersOnCopy, ); }; };
		26B8DCF83034646D00F31D7A /* SafaQrcode Extension.appex in Embed Foundation Extensions */ = {isa = PBXBuildFile; fileRef = 26B8DCF73034646D00F31D7A /* SafaQrcode Extension.appex */; settings = {ATTRIBUTES = (RemoveHeadersOnCopy, ); }; };
/* End PBXBuildFile section */

/* Begin PBXContainerItemProxy section */
		26B8DCEF3034646D00F31D7A /* PBXContainerItemProxy */ = {
			isa = PBXContainerItemProxy;
			containerPortal = 26B8DCB43034646B00F31D7A /* Project object */;
			proxyType = 1;
			remoteGlobalIDString = 26B8DCEC3034646D00F31D7A;
			remoteInfo = "SafaQrcode Extension (iOS)";
		};
		26B8DCF93034646D00F31D7A /* PBXContainerItemProxy */ = {
			isa = PBXContainerItemProxy;
			containerPortal = 26B8DCB43034646B00F31D7A /* Project object */;
			proxyType = 1;
			remoteGlobalIDString = 26B8DCF63034646D00F31D7A;
			remoteInfo = "SafaQrcode Extension (macOS)";
		};
/* End PBXContainerItemProxy section */

/* Begin PBXCopyFilesBuildPhase section */
		26B8DD203034646D00F31D7A /* Embed Foundation Extensions */ = {
			isa = PBXCopyFilesBuildPhase;
			buildActionMask = 2147483647;
			dstPath = "";
			dstSubfolderSpec = 13;
			files = (
				26B8DCEE3034646D00F31D7A /* SafaQrcode Extension.appex in Embed Foundation Extensions */,
			);
			name = "Embed Foundation Extensions";
			runOnlyForDeploymentPostprocessing = 0;
		};
		26B8DD2A3034646D00F31D7A /* Embed Foundation Extensions */ = {
			isa = PBXCopyFilesBuildPhase;
			buildActionMask = 2147483647;
			dstPath = "";
			dstSubfolderSpec = 13;
			files = (
				26B8DCF83034646D00F31D7A /* SafaQrcode Extension.appex in Embed Foundation Extensions */,
			);
			name = "Embed Foundation Extensions";
			runOnlyForDeploymentPostprocessing = 0;
		};
/* End PBXCopyFilesBuildPhase section */

/* Begin PBXFileReference section */
		26B8DCD03034646C00F31D7A /* SafaQrcode.app */ = {isa = PBXFileReference; explicitFileType = wrapper.application; includeInIndex = 0; path = SafaQrcode.app; sourceTree = BUILT_PRODUCTS_DIR; };
		26B8DCE23034646D00F31D7A /* SafaQrcode.app */ = {isa = PBXFileReference; explicitFileType = wrapper.application; includeInIndex = 0; path = SafaQrcode.app; sourceTree = BUILT_PRODUCTS_DIR; };
		26B8DCED3034646D00F31D7A /* SafaQrcode Extension.appex */ = {isa = PBXFileReference; explicitFileType = "wrapper.app-extension"; includeInIndex = 0; path = "SafaQrcode Extension.appex"; sourceTree = BUILT_PRODUCTS_DIR; };
		26B8DCF73034646D00F31D7A /* SafaQrcode Extension.appex */ = {isa = PBXFileReference; explicitFileType = "wrapper.app-extension"; includeInIndex = 0; path = "SafaQrcode Extension.appex"; sourceTree = BUILT_PRODUCTS_DIR; };
/* End PBXFileReference section */

/* Begin PBXFileSystemSynchronizedBuildFileExceptionSet section */
		26B8DD1B3034646D00F31D7A /* Exceptions for "Shared (App)" folder in "SafaQrcode (iOS)" target */ = {
			isa = PBXFileSystemSynchronizedBuildFileExceptionSet;
			membershipExceptions = (
				"/Localized: Resources/Main.html",
				Assets.xcassets,
				Resources/Icon.png,
				Resources/Script.js,
				Resources/Style.css,
				ViewController.swift,
			);
			target = 26B8DCCF3034646C00F31D7A /* SafaQrcode (iOS) */;
		};
		26B8DD1F3034646D00F31D7A /* Exceptions for "iOS (Extension)" folder in "SafaQrcode Extension (iOS)" target */ = {
			isa = PBXFileSystemSynchronizedBuildFileExceptionSet;
			membershipExceptions = (
				Info.plist,
			);
			target = 26B8DCEC3034646D00F31D7A /* SafaQrcode Extension (iOS) */;
		};
		26B8DD243034646D00F31D7A /* Exceptions for "iOS (App)" folder in "SafaQrcode (iOS)" target */ = {
			isa = PBXFileSystemSynchronizedBuildFileExceptionSet;
			membershipExceptions = (
				Info.plist,
			);
			target = 26B8DCCF3034646C00F31D7A /* SafaQrcode (iOS) */;
		};
		26B8DD253034646D00F31D7A /* Exceptions for "Shared (App)" folder in "SafaQrcode (macOS)" target */ = {
			isa = PBXFileSystemSynchronizedBuildFileExceptionSet;
			membershipExceptions = (
				"/Localized: Resources/Main.html",
				Assets.xcassets,
				Resources/Icon.png,
				Resources/Script.js,
				Resources/Style.css,
				ViewController.swift,
			);
			target = 26B8DCE13034646D00F31D7A /* SafaQrcode (macOS) */;
		};
		26B8DD293034646D00F31D7A /* Exceptions for "macOS (Extension)" folder in "SafaQrcode Extension (macOS)" target */ = {
			isa = PBXFileSystemSynchronizedBuildFileExceptionSet;
			membershipExceptions = (
				Info.plist,
			);
			target = 26B8DCF63034646D00F31D7A /* SafaQrcode Extension (macOS) */;
		};
		26B8DD2E3034646D00F31D7A /* Exceptions for "Shared (Extension)" folder in "SafaQrcode Extension (iOS)" target */ = {
			isa = PBXFileSystemSynchronizedBuildFileExceptionSet;
			membershipExceptions = (
				Resources/_locales,
				Resources/background.js,
				Resources/images,
				Resources/manifest.json,
				Resources/popup.css,
				Resources/popup.html,
				Resources/popup.js,
				Resources/qrcode.js,
				SafariWebExtensionHandler.swift,
			);
			target = 26B8DCEC3034646D00F31D7A /* SafaQrcode Extension (iOS) */;
		};
		26B8DD2F3034646D00F31D7A /* Exceptions for "Shared (Extension)" folder in "SafaQrcode Extension (macOS)" target */ = {
			isa = PBXFileSystemSynchronizedBuildFileExceptionSet;
			membershipExceptions = (
				Resources/_locales,
				Resources/background.js,
				Resources/images,
				Resources/manifest.json,
				Resources/popup.css,
				Resources/popup.html,
				Resources/popup.js,
				Resources/qrcode.js,
				SafariWebExtensionHandler.swift,
			);
			target = 26B8DCF63034646D00F31D7A /* SafaQrcode Extension (macOS) */;
		};
		26B8DD3200304646D00F31D7A /* Exceptions for "macOS (App)" folder in "SafaQrcode (macOS)" target */ = {
			isa = PBXFileSystemSynchronizedBuildFileExceptionSet;
			membershipExceptions = (
				Info.plist,
			);
			target = 26B8DCE13034646D00F31D7A /* SafaQrcode (macOS) */;
		};
/* End PBXFileSystemSynchronizedBuildFileExceptionSet section */

/* Begin PBXFileSystemSynchronizedRootGroup section */
		26B8DCB83034646B00F31D7A /* Shared (App) */ = {
			isa = PBXFileSystemSynchronizedRootGroup;
			exceptions = (
				26B8DD1B3034646D00F31D7A /* Exceptions for "Shared (App)" folder in "SafaQrcode (iOS)" target */,
				26B8DD253034646D00F31D7A /* Exceptions for "Shared (App)" folder in "SafaQrcode (macOS)" target */,
			);
			path = "Shared (App)";
			sourceTree = "<group>";
		};
		26B8DCC13034646C00F31D7A /* Shared (Extension) */ = {
			isa = PBXFileSystemSynchronizedRootGroup;
			exceptions = (
				26B8DD2E3034646D00F31D7A /* Exceptions for "Shared (Extension)" folder in "SafaQrcode Extension (iOS)" target */,
				26B8DD2F3034646D00F31D7A /* Exceptions for "Shared (Extension)" folder in "SafaQrcode Extension (macOS)" target */,
			);
			explicitFolders = (
				Resources/_locales,
				Resources/images,
			);
			path = "Shared (Extension)";
			sourceTree = "<group>";
		};
		26B8DCD23034646C00F31D7A /* iOS (App) */ = {
			isa = PBXFileSystemSynchronizedRootGroup;
			exceptions = (
				26B8DD243034646D00F31D7A /* Exceptions for "iOS (App)" folder in "SafaQrcode (iOS)" target */,
			);
			path = "iOS (App)";
			sourceTree = "<group>";
		};
		26B8DCE33034646D00F31D7A /* macOS (App) */ = {
			isa = PBXFileSystemSynchronizedRootGroup;
			exceptions = (
				26B8DD3200304646D00F31D7A /* Exceptions for "macOS (App)" folder in "SafaQrcode (macOS)" target */,
			);
			path = "macOS (App)";
			sourceTree = "<group>";
		};
		26B8DCF13034646D00F31D7A /* iOS (Extension) */ = {
			isa = PBXFileSystemSynchronizedRootGroup;
			exceptions = (
				26B8DD1F3034646D00F31D7A /* Exceptions for "iOS (Extension)" folder in "SafaQrcode Extension (iOS)" target */,
			);
			path = "iOS (Extension)";
			sourceTree = "<group>";
		};
		26B8DCFB3034646D00F31D7A /* macOS (Extension) */ = {
			isa = PBXFileSystemSynchronizedRootGroup;
			exceptions = (
				26B8DD293034646D00F31D7A /* Exceptions for "macOS (Extension)" folder in "SafaQrcode Extension (macOS)" target */,
			);
			path = "macOS (Extension)";
			sourceTree = "<group>";
		};
/* End PBXFileSystemSynchronizedRootGroup section */

/* Begin PBXFrameworksBuildPhase section */
		26B8DCCD3034646C00F31D7A /* Frameworks */ = {
			isa = PBXFrameworksBuildPhase;
			buildActionMask = 2147483647;
			files = (
			);
			runOnlyForDeploymentPostprocessing = 0;
		};
		26B8DCDF3034646D00F31D7A /* Frameworks */ = {
			isa = PBXFrameworksBuildPhase;
			buildActionMask = 2147483647;
			files = (
			);
			runOnlyForDeploymentPostprocessing = 0;
		};
		26B8DCEA3034646D00F31D7A /* Frameworks */ = {
			isa = PBXFrameworksBuildPhase;
			buildActionMask = 2147483647;
			files = (
			);
			runOnlyForDeploymentPostprocessing = 0;
		};
		26B8DCF43034646D00F31D7A /* Frameworks */ = {
			isa = PBXFrameworksBuildPhase;
			buildActionMask = 2147483647;
			files = (
			);
			runOnlyForDeploymentPostprocessing = 0;
		};
/* End PBXFrameworksBuildPhase section */

/* Begin PBXGroup section */
		26B8DCB33034646B00F31D7A = {
			isa = PBXGroup;
			children = (
				26B8DCB83034646B00F31D7A /* Shared (App) */,
				26B8DCC13034646C00F31D7A /* Shared (Extension) */,
				26B8DCD23034646C00F31D7A /* iOS (App) */,
				26B8DCE33034646D00F31D7A /* macOS (App) */,
				26B8DCF13034646D00F31D7A /* iOS (Extension) */,
				26B8DCFB3034646D00F31D7A /* macOS (Extension) */,
				26B8DCD13034646C00F31D7A /* Products */,
			);
			sourceTree = "<group>";
		};
		26B8DCD13034646C00F31D7A /* Products */ = {
			isa = PBXGroup;
			children = (
				26B8DCD03034646C00F31D7A /* SafaQrcode.app */,
				26B8DCE23034646D00F31D7A /* SafaQrcode.app */,
				26B8DCED3034646D00F31D7A /* SafaQrcode Extension.appex */,
				26B8DCF73034646D00F31D7A /* SafaQrcode Extension.appex */,
			);
			name = Products;
			sourceTree = "<group>";
		};
/* End PBXGroup section */

/* Begin PBXNativeTarget section */
		26B8DCCF3034646C00F31D7A /* SafaQrcode (iOS) */ = {
			isa = PBXNativeTarget;
			buildConfigurationList = 26B8DD213034646D00F31D7A /* Build configuration list for PBXNativeTarget "SafaQrcode (iOS)" */;
			buildPhases = (
				26B8DCCC3034646C00F31D7A /* Sources */,
				26B8DCCD3034646C00F31D7A /* Frameworks */,
				26B8DCCE3034646C00F31D7A /* Resources */,
				26B8DD203034646D00F31D7A /* Embed Foundation Extensions */,
			);
			buildRules = (
			);
			dependencies = (
				26B8DCF03034646D00F31D7A /* PBXTargetDependency */,
			);
			fileSystemSynchronizedGroups = (
				26B8DCD23034646C00F31D7A /* iOS (App) */,
			);
			name = "SafaQrcode (iOS)";
			packageProductDependencies = (
			);
			productName = "SafaQrcode (iOS)";
			productReference = 26B8DCD03034646C00F31D7A /* SafaQrcode.app */;
			productType = "com.apple.product-type.application";
		};
		26B8DCE13034646D00F31D7A /* SafaQrcode (macOS) */ = {
			isa = PBXNativeTarget;
			buildConfigurationList = 26B8DD2B3034646D00F31D7A /* Build configuration list for PBXNativeTarget "SafaQrcode (macOS)" */;
			buildPhases = (
				26B8DCDE3034646D00F31D7A /* Sources */,
				26B8DCDF3034646D00F31D7A /* Frameworks */,
				26B8DCE03034646D00F31D7A /* Resources */,
				26B8DD2A3034646D00F31D7A /* Embed Foundation Extensions */,
			);
			buildRules = (
			);
			dependencies = (
				26B8DCFA3034646D00F31D7A /* PBXTargetDependency */,
			);
			fileSystemSynchronizedGroups = (
				26B8DCE33034646D00F31D7A /* macOS (App) */,
			);
			name = "SafaQrcode (macOS)";
			packageProductDependencies = (
			);
			productName = "SafaQrcode (macOS)";
			productReference = 26B8DCE23034646D00F31D7A /* SafaQrcode.app */;
			productType = "com.apple.product-type.application";
		};
		26B8DCEC3034646D00F31D7A /* SafaQrcode Extension (iOS) */ = {
			isa = PBXNativeTarget;
			buildConfigurationList = 26B8DD1C3034646D00F31D7A /* Build configuration list for PBXNativeTarget "SafaQrcode Extension (iOS)" */;
			buildPhases = (
				26B8DCE93034646D00F31D7A /* Sources */,
				26B8DCEA3034646D00F31D7A /* Frameworks */,
				26B8DCEB3034646D00F31D7A /* Resources */,
			);
			buildRules = (
			);
			dependencies = (
			);
			fileSystemSynchronizedGroups = (
				26B8DCF13034646D00F31D7A /* iOS (Extension) */,
			);
			name = "SafaQrcode Extension (iOS)";
			packageProductDependencies = (
			);
			productName = "SafaQrcode Extension (iOS)";
			productReference = 26B8DCED3034646D00F31D7A /* SafaQrcode Extension.appex */;
			productType = "com.apple.product-type.app-extension";
		};
		26B8DCF63034646D00F31D7A /* SafaQrcode Extension (macOS) */ = {
			isa = PBXNativeTarget;
			buildConfigurationList = 26B8DD263034646D00F31D7A /* Build configuration list for PBXNativeTarget "SafaQrcode Extension (macOS)" */;
			buildPhases = (
				26B8DCF33034646D00F31D7A /* Sources */,
				26B8DCF43034646D00F31D7A /* Frameworks */,
				26B8DCF53034646D00F31D7A /* Resources */,
			);
			buildRules = (
			);
			dependencies = (
			);
			fileSystemSynchronizedGroups = (
				26B8DCFB3034646D00F31D7A /* macOS (Extension) */,
			);
			name = "SafaQrcode Extension (macOS)";
			packageProductDependencies = (
			);
			productName = "SafaQrcode Extension (macOS)";
			productReference = 26B8DCF73034646D00F31D7A /* SafaQrcode Extension.appex */;
			productType = "com.apple.product-type.app-extension";
		};
/* End PBXNativeTarget section */

/* Begin PBXProject section */
		26B8DCB43034646B00F31D7A /* Project object */ = {
			isa = PBXProject;
			attributes = {
				BuildIndependentTargetsInParallel = 1;
				LastSwiftUpdateCheck = 2660;
				LastUpgradeCheck = 2660;
				TargetAttributes = {
					26B8DCCF3034646C00F31D7A = {
						CreatedOnToolsVersion = 26.6;
					};
					26B8DCE13034646D00F31D7A = {
						CreatedOnToolsVersion = 26.6;
					};
					26B8DCEC3034646D00F31D7A = {
						CreatedOnToolsVersion = 26.6;
					};
					26B8DCF63034646D00F31D7A = {
						CreatedOnToolsVersion = 26.6;
					};
				};
			};
			buildConfigurationList = 26B8DCB73034646B00F31D7A /* Build configuration list for PBXProject "SafaQrcode" */;
			developmentRegion = en;
			hasScannedForEncodings = 0;
			knownRegions = (
				en,
				Base,
			);
			mainGroup = 26B8DCB33034646B00F31D7A;
			minimizedProjectReferenceProxies = 1;
			preferredProjectObjectVersion = 77;
			productRefGroup = 26B8DCD13034646C00F31D7A /* Products */;
			projectDirPath = "";
			projectRoot = "";
			targets = (
				26B8DCCF3034646C00F31D7A /* SafaQrcode (iOS) */,
				26B8DCE13034646D00F31D7A /* SafaQrcode (macOS) */,
				26B8DCEC3034646D00F31D7A /* SafaQrcode Extension (iOS) */,
				26B8DCF63034646D00F31D7A /* SafaQrcode Extension (macOS) */,
			);
		};
/* End PBXProject section */

/* Begin PBXResourcesBuildPhase section */
		26B8DCCE3034646C00F31D7A /* Resources */ = {
			isa = PBXResourcesBuildPhase;
			buildActionMask = 2147483647;
			files = (
			);
			runOnlyForDeploymentPostprocessing = 0;
		};
		26B8DCE03034646D00F31D7A /* Resources */ = {
			isa = PBXResourcesBuildPhase;
			buildActionMask = 2147483647;
			files = (
			);
			runOnlyForDeploymentPostprocessing = 0;
		};
		26B8DCEB3034646D00F31D7A /* Resources */ = {
			isa = PBXResourcesBuildPhase;
			buildActionMask = 2147483647;
			files = (
			);
			runOnlyForDeploymentPostprocessing = 0;
		};
		26B8DCF53034646D00F31D7A /* Resources */ = {
			isa = PBXResourcesBuildPhase;
			buildActionMask = 2147483647;
			files = (
			);
			runOnlyForDeploymentPostprocessing = 0;
		};
/* End PBXResourcesBuildPhase section */

/* Begin PBXSourcesBuildPhase section */
		26B8DCCC3034646C00F31D7A /* Sources */ = {
			isa = PBXSourcesBuildPhase;
			buildActionMask = 2147483647;
			files = (
			);
			runOnlyForDeploymentPostprocessing = 0;
		};
		26B8DCDE3034646D00F31D7A /* Sources */ = {
			isa = PBXSourcesBuildPhase;
			buildActionMask = 2147483647;
			files = (
			);
			runOnlyForDeploymentPostprocessing = 0;
		};
		26B8DCE93034646D00F31D7A /* Sources */ = {
			isa = PBXSourcesBuildPhase;
			buildActionMask = 2147483647;
			files = (
			);
			runOnlyForDeploymentPostprocessing = 0;
		};
		26B8DCF33034646D00F31D7A /* Sources */ = {
			isa = PBXSourcesBuildPhase;
			buildActionMask = 2147483647;
			files = (
			);
			runOnlyForDeploymentPostprocessing = 0;
		};
/* End PBXSourcesBuildPhase section */

/* Begin PBXTargetDependency section */
		26B8DCF03034646D00F31D7A /* PBXTargetDependency */ = {
			isa = PBXTargetDependency;
			target = 26B8DCEC3034646D00F31D7A /* SafaQrcode Extension (iOS) */;
			targetProxy = 26B8DCEF3034646D00F31D7A /* PBXContainerItemProxy */;
		};
		26B8DCFA3034646D00F31D7A /* PBXTargetDependency */ = {
			isa = PBXTargetDependency;
			target = 26B8DCF63034646D00F31D7A /* SafaQrcode Extension (macOS) */;
			targetProxy = 26B8DCF93034646D00F31D7A /* PBXContainerItemProxy */;
		};
/* End PBXTargetDependency section */

/* Begin XCBuildConfiguration section */
		26B8DD1D3034646D00F31D7A /* Debug */ = {
			isa = XCBuildConfiguration;
			buildSettings = {
				CODE_SIGN_STYLE = Automatic;
				CURRENT_PROJECT_VERSION = 1;
				DEVELOPMENT_TEAM = 9DU6DRLH3R;
				GENERATE_INFOPLIST_FILE = YES;
				INFOPLIST_FILE = "iOS (Extension)/Info.plist";
				INFOPLIST_KEY_CFBundleDisplayName = "SafaQrcode Extension(测试)";
				INFOPLIST_KEY_NSHumanReadableCopyright = "";
				IPHONEOS_DEPLOYMENT_TARGET = 15.0;
				LD_RUNPATH_SEARCH_PATHS = (
					"$(inherited)",
					"@executable_path/Frameworks",
					"@executable_path/../../Frameworks",
				);
				MARKETING_VERSION = 1.0;
				OTHER_LDFLAGS = (
					"-framework",
					SafariServices,
				);
				PRODUCT_BUNDLE_IDENTIFIER = "com.zhihaofans.safaqrcode.safari-extension";
				PRODUCT_NAME = "SafaQrcode Extension";
				SDKROOT = iphoneos;
				SKIP_INSTALL = YES;
				STRING_CATALOG_GENERATE_SYMBOLS = YES;
				SWIFT_APPROACHABLE_CONCURRENCY = YES;
				SWIFT_EMIT_LOC_STRINGS = YES;
				SWIFT_UPCOMING_FEATURE_MEMBER_IMPORT_VISIBILITY = YES;
				SWIFT_VERSION = 5.0;
				TARGETED_DEVICE_FAMILY = "1,2";
			};
			name = Debug;
		};
		26B8DD1E3034646D00F31D7A /* Release */ = {
			isa = XCBuildConfiguration;
			buildSettings = {
				CODE_SIGN_STYLE = Automatic;
				CURRENT_PROJECT_VERSION = 1;
				DEVELOPMENT_TEAM = 9DU6DRLH3R;
				GENERATE_INFOPLIST_FILE = YES;
				INFOPLIST_FILE = "iOS (Extension)/Info.plist";
				INFOPLIST_KEY_CFBundleDisplayName = "SafaQrcode Extension";
				INFOPLIST_KEY_NSHumanReadableCopyright = "";
				IPHONEOS_DEPLOYMENT_TARGET = 15.0;
				LD_RUNPATH_SEARCH_PATHS = (
					"$(inherited)",
					"@executable_path/Frameworks",
					"@executable_path/../../Frameworks",
				);
				MARKETING_VERSION = 1.0;
				OTHER_LDFLAGS = (
					"-framework",
					SafariServices,
				);
				PRODUCT_BUNDLE_IDENTIFIER = "com.zhihaofans.safaqrcode.safari-extension";
				PRODUCT_NAME = "SafaQrcode Extension";
				SDKROOT = iphoneos;
				SKIP_INSTALL = YES;
				STRING_CATALOG_GENERATE_SYMBOLS = YES;
				SWIFT_APPROACHABLE_CONCURRENCY = YES;
				SWIFT_EMIT_LOC_STRINGS = YES;
				SWIFT_UPCOMING_FEATURE_MEMBER_IMPORT_VISIBILITY = YES;
				SWIFT_VERSION = 5.0;
				TARGETED_DEVICE_FAMILY = "1,2";
				VALIDATE_PRODUCT = YES;
			};
			name = Release;
		};
		26B8DD223034646D00F31D7A /* Debug */ = {
			isa = XCBuildConfiguration;
			buildSettings = {
				ASSETCATALOG_COMPILER_APPICON_NAME = AppIcon;
				ASSETCATALOG_COMPILER_GLOBAL_ACCENT_COLOR_NAME = AccentColor;
				CODE_SIGN_IDENTITY = "Apple Development";
				CODE_SIGN_STYLE = Automatic;
				CURRENT_PROJECT_VERSION = 1;
				DEVELOPMENT_TEAM = 9DU6DRLH3R;
				GENERATE_INFOPLIST_FILE = YES;
				INFOPLIST_FILE = "iOS (App)/Info.plist";
				INFOPLIST_KEY_CFBundleDisplayName = "SafaQrcode(测试)";
				INFOPLIST_KEY_UIApplicationSupportsIndirectInputEvents = YES;
				INFOPLIST_KEY_UILaunchStoryboardName = LaunchScreen;
				INFOPLIST_KEY_UIMainStoryboardFile = Main;
				INFOPLIST_KEY_UISupportedInterfaceOrientations = "UIInterfaceOrientationPortrait UIInterfaceOrientationLandscapeLeft UIInterfaceOrientationLandscapeRight";
				INFOPLIST_KEY_UISupportedInterfaceOrientations_iPad = "UIInterfaceOrientationPortrait UIInterfaceOrientationPortraitUpsideDown UIInterfaceOrientationLandscapeLeft UIInterfaceOrientationLandscapeRight";
				IPHONEOS_DEPLOYMENT_TARGET = 15.0;
				LD_RUNPATH_SEARCH_PATHS = (
					"$(inherited)",
					"@executable_path/Frameworks",
				);
				MARKETING_VERSION = 0.0.1;
				OTHER_LDFLAGS = (
					"-framework",
					SafariServices,
					"-framework",
					WebKit,
				);
				PRODUCT_BUNDLE_IDENTIFIER = com.zhihaofans.safaqrcode;
				PRODUCT_NAME = SafaQrcode;
				PROVISIONING_PROFILE_SPECIFIER = "";
				SDKROOT = iphoneos;
				STRING_CATALOG_GENERATE_SYMBOLS = YES;
				SWIFT_APPROACHABLE_CONCURRENCY = YES;
				SWIFT_DEFAULT_ACTOR_ISOLATION = MainActor;
				SWIFT_EMIT_LOC_STRINGS = YES;
				SWIFT_UPCOMING_FEATURE_MEMBER_IMPORT_VISIBILITY = YES;
				SWIFT_VERSION = 5.0;
				TARGETED_DEVICE_FAMILY = "1,2";
			};
			name = Debug;
		};
		26B8DD233034646D00F31D7A /* Release */ = {
			isa = XCBuildConfiguration;
			buildSettings = {
				ASSETCATALOG_COMPILER_APPICON_NAME = AppIcon;
				ASSETCATALOG_COMPILER_GLOBAL_ACCENT_COLOR_NAME = AccentColor;
				CODE_SIGN_IDENTITY = "Apple Development";
				CODE_SIGN_STYLE = Automatic;
				CURRENT_PROJECT_VERSION = 1;
				DEVELOPMENT_TEAM = 9DU6DRLH3R;
				GENERATE_INFOPLIST_FILE = YES;
				INFOPLIST_FILE = "iOS (App)/Info.plist";
				INFOPLIST_KEY_CFBundleDisplayName = SafaQrcode;
				INFOPLIST_KEY_UIApplicationSupportsIndirectInputEvents = YES;
				INFOPLIST_KEY_UILaunchStoryboardName = LaunchScreen;
				INFOPLIST_KEY_UIMainStoryboardFile = Main;
				INFOPLIST_KEY_UISupportedInterfaceOrientations = "UIInterfaceOrientationPortrait UIInterfaceOrientationLandscapeLeft UIInterfaceOrientationLandscapeRight";
				INFOPLIST_KEY_UISupportedInterfaceOrientations_iPad = "UIInterfaceOrientationPortrait UIInterfaceOrientationPortraitUpsideDown UIInterfaceOrientationLandscapeLeft UIInterfaceOrientationLandscapeRight";
				IPHONEOS_DEPLOYMENT_TARGET = 15.0;
				LD_RUNPATH_SEARCH_PATHS = (
					"$(inherited)",
					"@executable_path/Frameworks",
				);
				MARKETING_VERSION = 0.0.1;
				OTHER_LDFLAGS = (
					"-framework",
					SafariServices,
					"-framework",
					WebKit,
				);
				PRODUCT_BUNDLE_IDENTIFIER = com.zhihaofans.safaqrcode;
				PRODUCT_NAME = SafaQrcode;
				PROVISIONING_PROFILE_SPECIFIER = "";
				SDKROOT = iphoneos;
				STRING_CATALOG_GENERATE_SYMBOLS = YES;
				SWIFT_APPROACHABLE_CONCURRENCY = YES;
				SWIFT_DEFAULT_ACTOR_ISOLATION = MainActor;
				SWIFT_EMIT_LOC_STRINGS = YES;
				SWIFT_UPCOMING_FEATURE_MEMBER_IMPORT_VISIBILITY = YES;
				SWIFT_VERSION = 5.0;
				TARGETED_DEVICE_FAMILY = "1,2";
				VALIDATE_PRODUCT = YES;
			};
			name = Release;
		};
		26B8DD273034646D00F31D7A /* Debug */ = {
			isa = XCBuildConfiguration;
			buildSettings = {
				"CODE_SIGN_IDENTITY[sdk=macosx*]" = "Apple Development";
				CODE_SIGN_STYLE = Automatic;
				CURRENT_PROJECT_VERSION = 1;
				DEVELOPMENT_TEAM = 9DU6DRLH3R;
				ENABLE_APP_SANDBOX = YES;
				ENABLE_HARDENED_RUNTIME = YES;
				ENABLE_USER_SELECTED_FILES = readonly;
				GENERATE_INFOPLIST_FILE = YES;
				INFOPLIST_FILE = "macOS (Extension)/Info.plist";
				INFOPLIST_KEY_CFBundleDisplayName = "SafaQrcode Extension(测试)";
				INFOPLIST_KEY_NSHumanReadableCopyright = "";
				LD_RUNPATH_SEARCH_PATHS = (
					"$(inherited)",
					"@executable_path/../Frameworks",
					"@executable_path/../../../../Frameworks",
				);
				MACOSX_DEPLOYMENT_TARGET = 10.14;
				MARKETING_VERSION = 1.0;
				OTHER_LDFLAGS = (
					"-framework",
					SafariServices,
				);
				PRODUCT_BUNDLE_IDENTIFIER = "com.zhihaofans.safaqrcode.safari-extension";
				PRODUCT_NAME = "SafaQrcode Extension";
				SDKROOT = macosx;
				SKIP_INSTALL = YES;
				STRING_CATALOG_GENERATE_SYMBOLS = YES;
				SWIFT_APPROACHABLE_CONCURRENCY = YES;
				SWIFT_EMIT_LOC_STRINGS = YES;
				SWIFT_UPCOMING_FEATURE_MEMBER_IMPORT_VISIBILITY = YES;
				SWIFT_VERSION = 5.0;
			};
			name = Debug;
		};
		26B8DD283034646D00F31D7A /* Release */ = {
			isa = XCBuildConfiguration;
			buildSettings = {
				"CODE_SIGN_IDENTITY[sdk=macosx*]" = "Apple Development";
				CODE_SIGN_STYLE = Automatic;
				CURRENT_PROJECT_VERSION = 1;
				DEVELOPMENT_TEAM = 9DU6DRLH3R;
				ENABLE_APP_SANDBOX = YES;
				ENABLE_HARDENED_RUNTIME = YES;
				ENABLE_USER_SELECTED_FILES = readonly;
				GENERATE_INFOPLIST_FILE = YES;
				INFOPLIST_FILE = "macOS (Extension)/Info.plist";
				INFOPLIST_KEY_CFBundleDisplayName = "SafaQrcode Extension";
				INFOPLIST_KEY_NSHumanReadableCopyright = "";
				LD_RUNPATH_SEARCH_PATHS = (
					"$(inherited)",
					"@executable_path/../Frameworks",
					"@executable_path/../../../../Frameworks",
				);
				MACOSX_DEPLOYMENT_TARGET = 10.14;
				MARKETING_VERSION = 1.0;
				OTHER_LDFLAGS = (
					"-framework",
					SafariServices,
				);
				PRODUCT_BUNDLE_IDENTIFIER = "com.zhihaofans.safaqrcode.safari-extension";
				PRODUCT_NAME = "SafaQrcode Extension";
				SDKROOT = macosx;
				SKIP_INSTALL = YES;
				STRING_CATALOG_GENERATE_SYMBOLS = YES;
				SWIFT_APPROACHABLE_CONCURRENCY = YES;
				SWIFT_EMIT_LOC_STRINGS = YES;
				SWIFT_UPCOMING_FEATURE_MEMBER_IMPORT_VISIBILITY = YES;
				SWIFT_VERSION = 5.0;
			};
			name = Release;
		};
		26B8DD2C3034646D00F31D7A /* Debug */ = {
			isa = XCBuildConfiguration;
			buildSettings = {
				APP_NAME_SUFFIX = "(测试)";
				ASSETCATALOG_COMPILER_APPICON_NAME = AppIcon;
				ASSETCATALOG_COMPILER_GLOBAL_ACCENT_COLOR_NAME = AccentColor;
				"CODE_SIGN_IDENTITY[sdk=macosx*]" = "Apple Development";
				CODE_SIGN_STYLE = Automatic;
				CURRENT_PROJECT_VERSION = 1;
				DEVELOPMENT_TEAM = 9DU6DRLH3R;
				ENABLE_APP_SANDBOX = YES;
				ENABLE_HARDENED_RUNTIME = YES;
				ENABLE_OUTGOING_NETWORK_CONNECTIONS = YES;
				ENABLE_USER_SELECTED_FILES = readonly;
				GENERATE_INFOPLIST_FILE = NO;
				INFOPLIST_FILE = "macOS (App)/Info.plist";
				INFOPLIST_KEY_CFBundleDisplayName = "";
				"INFOPLIST_KEY_CFBundleDisplayName[sdk=macosx*]" = "SafaQrcode(测试)";
				INFOPLIST_KEY_NSMainStoryboardFile = Main;
				INFOPLIST_KEY_NSPrincipalClass = NSApplication;
				LD_RUNPATH_SEARCH_PATHS = (
					"$(inherited)",
					"@executable_path/../Frameworks",
				);
				MACOSX_DEPLOYMENT_TARGET = 10.14;
				MARKETING_VERSION = 0.0.1;
				OTHER_LDFLAGS = (
					"-framework",
					SafariServices,
					"-framework",
					WebKit,
				);
				PRODUCT_BUNDLE_IDENTIFIER = com.zhihaofans.safaqrcode;
				PRODUCT_NAME = SafaQrcode;
				REGISTER_APP_GROUPS = YES;
				SDKROOT = macosx;
				STRING_CATALOG_GENERATE_SYMBOLS = YES;
				SWIFT_APPROACHABLE_CONCURRENCY = YES;
				SWIFT_DEFAULT_ACTOR_ISOLATION = MainActor;
				SWIFT_EMIT_LOC_STRINGS = YES;
				SWIFT_UPCOMING_FEATURE_MEMBER_IMPORT_VISIBILITY = YES;
				SWIFT_VERSION = 5.0;
			};
			name = Debug;
		};
		26B8DD2D3034646D00F31D7A /* Release */ = {
			isa = XCBuildConfiguration;
			buildSettings = {
				APP_NAME_SUFFIX = "";
				ASSETCATALOG_COMPILER_APPICON_NAME = AppIcon;
				ASSETCATALOG_COMPILER_GLOBAL_ACCENT_COLOR_NAME = AccentColor;
				"CODE_SIGN_IDENTITY[sdk=macosx*]" = "Apple Development";
				CODE_SIGN_STYLE = Automatic;
				CURRENT_PROJECT_VERSION = 1;
				DEVELOPMENT_TEAM = 9DU6DRLH3R;
				ENABLE_APP_SANDBOX = YES;
				ENABLE_HARDENED_RUNTIME = YES;
				ENABLE_OUTGOING_NETWORK_CONNECTIONS = YES;
				ENABLE_USER_SELECTED_FILES = readonly;
				GENERATE_INFOPLIST_FILE = NO;
				INFOPLIST_FILE = "macOS (App)/Info.plist";
				INFOPLIST_KEY_CFBundleDisplayName = "";
				"INFOPLIST_KEY_CFBundleDisplayName[sdk=macosx*]" = SafaQrcode;
				INFOPLIST_KEY_NSMainStoryboardFile = Main;
				INFOPLIST_KEY_NSPrincipalClass = NSApplication;
				LD_RUNPATH_SEARCH_PATHS = (
					"$(inherited)",
					"@executable_path/../Frameworks",
				);
				MACOSX_DEPLOYMENT_TARGET = 10.14;
				MARKETING_VERSION = 0.0.1;
				OTHER_LDFLAGS = (
					"-framework",
					SafariServices,
					"-framework",
					WebKit,
				);
				PRODUCT_BUNDLE_IDENTIFIER = com.zhihaofans.safaqrcode;
				PRODUCT_NAME = SafaQrcode;
				REGISTER_APP_GROUPS = YES;
				SDKROOT = macosx;
				STRING_CATALOG_GENERATE_SYMBOLS = YES;
				SWIFT_APPROACHABLE_CONCURRENCY = YES;
				SWIFT_DEFAULT_ACTOR_ISOLATION = MainActor;
				SWIFT_EMIT_LOC_STRINGS = YES;
				SWIFT_UPCOMING_FEATURE_MEMBER_IMPORT_VISIBILITY = YES;
				SWIFT_VERSION = 5.0;
			};
			name = Release;
		};
		26B8DD303034646D00F31D7A /* Debug */ = {
			isa = XCBuildConfiguration;
			buildSettings = {
				ALWAYS_SEARCH_USER_PATHS = NO;
				ASSETCATALOG_COMPILER_GENERATE_SWIFT_ASSET_SYMBOL_EXTENSIONS = YES;
				CLANG_ANALYZER_NONNULL = YES;
				CLANG_ANALYZER_NUMBER_OBJECT_CONVERSION = YES_AGGRESSIVE;
				CLANG_CXX_LANGUAGE_STANDARD = "gnu++20";
				CLANG_ENABLE_MODULES = YES;
				CLANG_ENABLE_OBJC_ARC = YES;
				CLANG_ENABLE_OBJC_WEAK = YES;
				CLANG_WARN_BLOCK_CAPTURE_AUTORELEASING = YES;
				CLANG_WARN_BOOL_CONVERSION = YES;
				CLANG_WARN_COMMA = YES;
				CLANG_WARN_CONSTANT_CONVERSION = YES;
				CLANG_WARN_DEPRECATED_OBJC_IMPLEMENTATIONS = YES;
				CLANG_WARN_DIRECT_OBJC_ISA_USAGE = YES_ERROR;
				CLANG_WARN_DOCUMENTATION_COMMENTS = YES;
				CLANG_WARN_EMPTY_BODY = YES;
				CLANG_WARN_ENUM_CONVERSION = YES;
				CLANG_WARN_INFINITE_RECURSION = YES;
				CLANG_WARN_INT_CONVERSION = YES;
				CLANG_WARN_NON_LITERAL_NULL_CONVERSION = YES;
				CLANG_WARN_OBJC_IMPLICIT_RETAIN_SELF = YES;
				CLANG_WARN_OBJC_LITERAL_CONVERSION = YES;
				CLANG_WARN_OBJC_ROOT_CLASS = YES_ERROR;
				CLANG_WARN_QUOTED_INCLUDE_IN_FRAMEWORK_HEADER = YES;
				CLANG_WARN_RANGE_LOOP_ANALYSIS = YES;
				CLANG_WARN_STRICT_PROTOTYPES = YES;
				CLANG_WARN_SUSPICIOUS_MOVE = YES;
				CLANG_WARN_UNGUARDED_AVAILABILITY = YES_AGGRESSIVE;
				CLANG_WARN_UNREACHABLE_CODE = YES;
				CLANG_WARN__DUPLICATE_METHOD_MATCH = YES;
				COPY_PHASE_STRIP = NO;
				DEBUG_INFORMATION_FORMAT = dwarf;
				DEVELOPMENT_TEAM = 7PDM8RVDK9;
				ENABLE_STRICT_OBJC_MSGSEND = YES;
				ENABLE_TESTABILITY = YES;
				ENABLE_USER_SCRIPT_SANDBOXING = YES;
				GCC_C_LANGUAGE_STANDARD = gnu17;
				GCC_DYNAMIC_NO_PIC = NO;
				GCC_NO_COMMON_BLOCKS = YES;
				GCC_OPTIMIZATION_LEVEL = 0;
				GCC_PREPROCESSOR_DEFINITIONS = (
					"DEBUG=1",
					"$(inherited)",
				);
				GCC_WARN_64_TO_32_BIT_CONVERSION = YES;
				GCC_WARN_ABOUT_RETURN_TYPE = YES_ERROR;
				GCC_WARN_UNDECLARED_SELECTOR = YES;
				GCC_WARN_UNINITIALIZED_AUTOS = YES_AGGRESSIVE;
				GCC_WARN_UNUSED_FUNCTION = YES;
				GCC_WARN_UNUSED_VARIABLE = YES;
				LOCALIZATION_PREFERS_STRING_CATALOGS = YES;
				MTL_ENABLE_DEBUG_INFO = INCLUDE_SOURCE;
				MTL_FAST_MATH = YES;
				ONLY_ACTIVE_ARCH = YES;
				SWIFT_ACTIVE_COMPILATION_CONDITIONS = "DEBUG $(inherited)";
				SWIFT_OPTIMIZATION_LEVEL = "-Onone";
			};
			name = Debug;
		};
		26B8DD313034646D00F31D7A /* Release */ = {
			isa = XCBuildConfiguration;
			buildSettings = {
				ALWAYS_SEARCH_USER_PATHS = NO;
				ASSETCATALOG_COMPILER_GENERATE_SWIFT_ASSET_SYMBOL_EXTENSIONS = YES;
				CLANG_ANALYZER_NONNULL = YES;
				CLANG_ANALYZER_NUMBER_OBJECT_CONVERSION = YES_AGGRESSIVE;
				CLANG_CXX_LANGUAGE_STANDARD = "gnu++20";
				CLANG_ENABLE_MODULES = YES;
				CLANG_ENABLE_OBJC_ARC = YES;
				CLANG_ENABLE_OBJC_WEAK = YES;
				CLANG_WARN_BLOCK_CAPTURE_AUTORELEASING = YES;
				CLANG_WARN_BOOL_CONVERSION = YES;
				CLANG_WARN_COMMA = YES;
				CLANG_WARN_CONSTANT_CONVERSION = YES;
				CLANG_WARN_DEPRECATED_OBJC_IMPLEMENTATIONS = YES;
				CLANG_WARN_DIRECT_OBJC_ISA_USAGE = YES_ERROR;
				CLANG_WARN_DOCUMENTATION_COMMENTS = YES;
				CLANG_WARN_EMPTY_BODY = YES;
				CLANG_WARN_ENUM_CONVERSION = YES;
				CLANG_WARN_INFINITE_RECURSION = YES;
				CLANG_WARN_INT_CONVERSION = YES;
				CLANG_WARN_NON_LITERAL_NULL_CONVERSION = YES;
				CLANG_WARN_OBJC_IMPLICIT_RETAIN_SELF = YES;
				CLANG_WARN_OBJC_LITERAL_CONVERSION = YES;
				CLANG_WARN_OBJC_ROOT_CLASS = YES_ERROR;
				CLANG_WARN_QUOTED_INCLUDE_IN_FRAMEWORK_HEADER = YES;
				CLANG_WARN_RANGE_LOOP_ANALYSIS = YES;
				CLANG_WARN_STRICT_PROTOTYPES = YES;
				CLANG_WARN_SUSPICIOUS_MOVE = YES;
				CLANG_WARN_UNGUARDED_AVAILABILITY = YES_AGGRESSIVE;
				CLANG_WARN_UNREACHABLE_CODE = YES;
				CLANG_WARN__DUPLICATE_METHOD_MATCH = YES;
				COPY_PHASE_STRIP = NO;
				DEBUG_INFORMATION_FORMAT = "dwarf-with-dsym";
				DEVELOPMENT_TEAM = 7PDM8RVDK9;
				ENABLE_NS_ASSERTIONS = NO;
				ENABLE_STRICT_OBJC_MSGSEND = YES;
				ENABLE_USER_SCRIPT_SANDBOXING = YES;
				GCC_C_LANGUAGE_STANDARD = gnu17;
				GCC_NO_COMMON_BLOCKS = YES;
				GCC_WARN_64_TO_32_BIT_CONVERSION = YES;
				GCC_WARN_ABOUT_RETURN_TYPE = YES_ERROR;
				GCC_WARN_UNDECLARED_SELECTOR = YES;
				GCC_WARN_UNINITIALIZED_AUTOS = YES_AGGRESSIVE;
				GCC_WARN_UNUSED_FUNCTION = YES;
				GCC_WARN_UNUSED_VARIABLE = YES;
				LOCALIZATION_PREFERS_STRING_CATALOGS = YES;
				MTL_ENABLE_DEBUG_INFO = NO;
				MTL_FAST_MATH = YES;
				SWIFT_COMPILATION_MODE = wholemodule;
			};
			name = Release;
		};
/* End XCBuildConfiguration section */

/* Begin XCConfigurationList section */
		26B8DCB73034646B00F31D7A /* Build configuration list for PBXProject "SafaQrcode" */ = {
			isa = XCConfigurationList;
			buildConfigurations = (
				26B8DD303034646D00F31D7A /* Debug */,
				26B8DD313034646D00F31D7A /* Release */,
			);
			defaultConfigurationIsVisible = 0;
			defaultConfigurationName = Release;
		};
		26B8DD1C3034646D00F31D7A /* Build configuration list for PBXNativeTarget "SafaQrcode Extension (iOS)" */ = {
			isa = XCConfigurationList;
			buildConfigurations = (
				26B8DD1D3034646D00F31D7A /* Debug */,
				26B8DD1E3034646D00F31D7A /* Release */,
			);
			defaultConfigurationIsVisible = 0;
			defaultConfigurationName = Release;
		};
		26B8DD213034646D00F31D7A /* Build configuration list for PBXNativeTarget "SafaQrcode (iOS)" */ = {
			isa = XCConfigurationList;
			buildConfigurations = (
				26B8DD223034646D00F31D7A /* Debug */,
				26B8DD233034646D00F31D7A /* Release */,
			);
			defaultConfigurationIsVisible = 0;
			defaultConfigurationName = Release;
		};
		26B8DD263034646D00F31D7A /* Build configuration list for PBXNativeTarget "SafaQrcode Extension (macOS)" */ = {
			isa = XCConfigurationList;
			buildConfigurations = (
				26B8DD273034646D00F31D7A /* Debug */,
				26B8DD283034646D00F31D7A /* Release */,
			);
			defaultConfigurationIsVisible = 0;
			defaultConfigurationName = Release;
		};
		26B8DD2B3034646D00F31D7A /* Build configuration list for PBXNativeTarget "SafaQrcode (macOS)" */ = {
			isa = XCConfigurationList;
			buildConfigurations = (
				26B8DD2C3034646D00F31D7A /* Debug */,
				26B8DD2D3034646D00F31D7A /* Release */,
			);
			defaultConfigurationIsVisible = 0;
			defaultConfigurationName = Release;
		};
/* End XCConfigurationList section */
	};
	rootObject = 26B8DCB43034646B00F31D7A /* Project object */;
}
